
Microsoft Visual Studio Solution File, Format Version 12.00
# Visual Studio Version 17
VisualStudioVersion = 17.1.31911.260
MinimumVisualStudioVersion = 10.0.40219.1
Project("{9A19103F-16F7-4668-BE54-9A1E7A4F7556}") = "PropertyValidator", "PropertyValidator.csproj", "{912CDA45-6636-462A-A14F-B0452415F1A0}"
EndProject
Project("{9A19103F-16F7-4668-BE54-9A1E7A4F7556}") = "ObservableProperty", "..\..\ObservableProperty\src\ObservableProperty.csproj", "{7AD86140-24C6-4C0D-8ED2-4A021E981DDA}"
EndProject
Project("{9A19103F-16F7-4668-BE54-9A1E7A4F7556}") = "CrossUtility", "..\..\CrossUtility\src\CrossUtility.csproj", "{1F72C2A4-C8DD-40EC-AB44-AB3775A77D30}"
EndProject
Project("{9A19103F-16F7-4668-BE54-9A1E7A4F7556}") = "PropertyValidator.ValidationPack", "..\..\PropertyValidator.ValidationPack\src\PropertyValidator.ValidationPack.csproj", "{8BC24D46-48B3-4012-94C9-685785FD9C9E}"
EndProject
Global
	GlobalSection(SolutionConfigurationPlatforms) = preSolution
		Debug|Any CPU = Debug|Any CPU
		Debug|iPhone = Debug|iPhone
		Debug|iPhoneSimulator = Debug|iPhoneSimulator
		Release|Any CPU = Release|Any CPU
		Release|iPhone = Release|iPhone
		Release|iPhoneSimulator = Release|iPhoneSimulator
	EndGlobalSection
	GlobalSection(ProjectConfigurationPlatforms) = postSolution
		{912CDA45-6636-462A-A14F-B0452415F1A0}.Debug|Any CPU.ActiveCfg = Debug|Any CPU
		{912CDA45-6636-462A-A14F-B0452415F1A0}.Debug|Any CPU.Build.0 = Debug|Any CPU
		{912CDA45-6636-462A-A14F-B0452415F1A0}.Debug|iPhone.ActiveCfg = Debug|Any CPU
		{912CDA45-6636-462A-A14F-B0452415F1A0}.Debug|iPhone.Build.0 = Debug|Any CPU
		{912CDA45-6636-462A-A14F-B0452415F1A0}.Debug|iPhoneSimulator.ActiveCfg = Debug|Any CPU
		{912CDA45-6636-462A-A14F-B0452415F1A0}.Debug|iPhoneSimulator.Build.0 = Debug|Any CPU
		{912CDA45-6636-462A-A14F-B0452415F1A0}.Release|Any CPU.ActiveCfg = Release|Any CPU
		{912CDA45-6636-462A-A14F-B0452415F1A0}.Release|Any CPU.Build.0 = Release|Any CPU
		{912CDA45-6636-462A-A14F-B0452415F1A0}.Release|iPhone.ActiveCfg = Release|Any CPU
		{912CDA45-6636-462A-A14F-B0452415F1A0}.Release|iPhone.Build.0 = Release|Any CPU
		{912CDA45-6636-462A-A14F-B0452415F1A0}.Release|iPhoneSimulator.ActiveCfg = Release|Any CPU
		{912CDA45-6636-462A-A14F-B0452415F1A0}.Release|iPhoneSimulator.Build.0 = Release|Any CPU
		{7AD86140-24C6-4C0D-8ED2-4A021E981DDA}.Debug|Any CPU.ActiveCfg = Debug|Any CPU
		{7AD86140-24C6-4C0D-8ED2-4A021E981DDA}.Debug|Any CPU.Build.0 = Debug|Any CPU
		{7AD86140-24C6-4C0D-8ED2-4A021E981DDA}.Debug|iPhone.ActiveCfg = Debug|Any CPU
		{7AD86140-24C6-4C0D-8ED2-4A021E981DDA}.Debug|iPhone.Build.0 = Debug|Any CPU
		{7AD86140-24C6-4C0D-8ED2-4A021E981DDA}.Debug|iPhoneSimulator.ActiveCfg = Debug|Any CPU
		{7AD86140-24C6-4C0D-8ED2-4A021E981DDA}.Debug|iPhoneSimulator.Build.0 = Debug|Any CPU
		{7AD86140-24C6-4C0D-8ED2-4A021E981DDA}.Release|Any CPU.ActiveCfg = Release|Any CPU
		{7AD86140-24C6-4C0D-8ED2-4A021E981DDA}.Release|Any CPU.Build.0 = Release|Any CPU
		{7AD86140-24C6-4C0D-8ED2-4A021E981DDA}.Release|iPhone.ActiveCfg = Release|Any CPU
		{7AD86140-24C6-4C0D-8ED2-4A021E981DDA}.Release|iPhone.Build.0 = Release|Any CPU
		{7AD86140-24C6-4C0D-8ED2-4A021E981DDA}.Release|iPhoneSimulator.ActiveCfg = Release|Any CPU
		{7AD86140-24C6-4C0D-8ED2-4A021E981DDA}.Release|iPhoneSimulator.Build.0 = Release|Any CPU
		{1F72C2A4-C8DD-40EC-AB44-AB3775A77D30}.Debug|Any CPU.ActiveCfg = Debug|Any CPU
		{1F72C2A4-C8DD-40EC-AB44-AB3775A77D30}.Debug|Any CPU.Build.0 = Debug|Any CPU
		{1F72C2A4-C8DD-40EC-AB44-AB3775A77D30}.Debug|iPhone.ActiveCfg = Debug|Any CPU
		{1F72C2A4-C8DD-40EC-AB44-AB3775A77D30}.Debug|iPhone.Build.0 = Debug|Any CPU
		{1F72C2A4-C8DD-40EC-AB44-AB3775A77D30}.Debug|iPhoneSimulator.ActiveCfg = Debug|Any CPU
		{1F72C2A4-C8DD-40EC-AB44-AB3775A77D30}.Debug|iPhoneSimulator.Build.0 = Debug|Any CPU
		{1F72C2A4-C8DD-40EC-AB44-AB3775A77D30}.Release|Any CPU.ActiveCfg = Release|Any CPU
		{1F72C2A4-C8DD-40EC-AB44-AB3775A77D30}.Release|Any CPU.Build.0 = Release|Any CPU
		{1F72C2A4-C8DD-40EC-AB44-AB3775A77D30}.Release|iPhone.ActiveCfg = Release|Any CPU
		{1F72C2A4-C8DD-40EC-AB44-AB3775A77D30}.Release|iPhone.Build.0 = Release|Any CPU
		{1F72C2A4-C8DD-40EC-AB44-AB3775A77D30}.Release|iPhoneSimulator.ActiveCfg = Release|Any CPU
		{1F72C2A4-C8DD-40EC-AB44-AB3775A77D30}.Release|iPhoneSimulator.Build.0 = Release|Any CPU
		{8BC24D46-48B3-4012-94C9-685785FD9C9E}.Debug|Any CPU.ActiveCfg = Debug|Any CPU
		{8BC24D46-48B3-4012-94C9-685785FD9C9E}.Debug|Any CPU.Build.0 = Debug|Any CPU
		{8BC24D46-48B3-4012-94C9-685785FD9C9E}.Debug|iPhone.ActiveCfg = Debug|Any CPU
		{8BC24D46-48B3-4012-94C9-685785FD9C9E}.Debug|iPhone.Build.0 = Debug|Any CPU
		{8BC24D46-48B3-4012-94C9-685785FD9C9E}.Debug|iPhoneSimulator.ActiveCfg = Debug|Any CPU
		{8BC24D46-48B3-4012-94C9-685785FD9C9E}.Debug|iPhoneSimulator.Build.0 = Debug|Any CPU
		{8BC24D46-48B3-4012-94C9-685785FD9C9E}.Release|Any CPU.ActiveCfg = Release|Any CPU
		{8BC24D46-48B3-4012-94C9-685785FD9C9E}.Release|Any CPU.Build.0 = Release|Any CPU
		{8BC24D46-48B3-4012-94C9-685785FD9C9E}.Release|iPhone.ActiveCfg = Release|Any CPU
		{8BC24D46-48B3-4012-94C9-685785FD9C9E}.Release|iPhone.Build.0 = Release|Any CPU
		{8BC24D46-48B3-4012-94C9-685785FD9C9E}.Release|iPhoneSimulator.ActiveCfg = Release|Any CPU
		{8BC24D46-48B3-4012-94C9-685785FD9C9E}.Release|iPhoneSimulator.Build.0 = Release|Any CPU
	EndGlobalSection
	GlobalSection(SolutionProperties) = preSolution
		HideSolutionNode = FALSE
	EndGlobalSection
	GlobalSection(ExtensibilityGlobals) = postSolution
		SolutionGuid = {BF93F2CA-D3A8-42C5-BCC8-35E8DABACA46}
	EndGlobalSection
EndGlobal
